// !$*UTF8*$!
{
	archiveVersion = 1;
	classes = {
	};
	objectVersion = 77;
	objects = {

/* Begin PBXBuildFile section */
		0C75F22B2CBD92F80014E6B7 /* FirebaseStorage in Frameworks */ = {isa = PBXBuildFile; productRef = 0C75F22A2CBD92F80014E6B7 /* FirebaseStorage */; };
		0CA4C3382CB84DE800FFA459 /* FirebaseAnalytics in Frameworks */ = {isa = PBXBuildFile; productRef = 0CA4C3372CB84DE800FFA459 /* FirebaseAnalytics */; };
		0CA4C33A2CB84FB200FFA459 /* FirebaseAuth in Frameworks */ = {isa = PBXBuildFile; productRef = 0CA4C3392CB84FB200FFA459 /* FirebaseAuth */; };
		0CA4C33C2CB84FB200FFA459 /* FirebaseCore in Frameworks */ = {isa = PBXBuildFile; productRef = 0CA4C33B2CB84FB200FFA459 /* FirebaseCore */; };
/* End PBXBuildFile section */

/* Begin PBXContainerItemProxy section */
		0CD9667A2CAC60B9009AE57C /* PBXContainerItemProxy */ = {
			isa = PBXContainerItemProxy;
			containerPortal = 0CD966612CAC60B7009AE57C /* Project object */;
			proxyType = 1;
			remoteGlobalIDString = 0CD966682CAC60B7009AE57C;
			remoteInfo = FlicksHub;
		};
		0CD966842CAC60B9009AE57C /* PBXContainerItemProxy */ = {
			isa = PBXContainerItemProxy;
			containerPortal = 0CD966612CAC60B7009AE57C /* Project object */;
			proxyType = 1;
			remoteGlobalIDString = 0CD966682CAC60B7009AE57C;
			remoteInfo = FlicksHub;
		};
/* End PBXContainerItemProxy section */

/* Begin PBXFileReference section */
		0CD966692CAC60B7009AE57C /* FlicksHub.app */ = {isa = PBXFileReference; explicitFileType = wrapper.application; includeInIndex = 0; path = FlicksHub.app; sourceTree = BUILT_PRODUCTS_DIR; };
		0CD966792CAC60B9009AE57C /* FlicksHubTests.xctest */ = {isa = PBXFileReference; explicitFileType = wrapper.cfbundle; includeInIndex = 0; path = FlicksHubTests.xctest; sourceTree = BUILT_PRODUCTS_DIR; };
		0CD966832CAC60B9009AE57C /* FlicksHubUITests.xctest */ = {isa = PBXFileReference; explicitFileType = wrapper.cfbundle; includeInIndex = 0; path = FlicksHubUITests.xctest; sourceTree = BUILT_PRODUCTS_DIR; };
/* End PBXFileReference section */

/* Begin PBXFileSystemSynchronizedBuildFileExceptionSet section */
		0CA045932CCD18960097CC7C /* Exceptions for "FlicksHub" folder in "FlicksHub" target */ = {
			isa = PBXFileSystemSynchronizedBuildFileExceptionSet;
			membershipExceptions = (
				Info.plist,
			);
			target = 0CD966682CAC60B7009AE57C /* FlicksHub */;
		};
		0CA4C3342CB84C5000FFA459 /* Exceptions for "FlicksHub" folder in "FlicksHubTests" target */ = {
			isa = PBXFileSystemSynchronizedBuildFileExceptionSet;
			membershipExceptions = (
				"GoogleService-Info.plist",
			);
			target = 0CD966782CAC60B9009AE57C /* FlicksHubTests */;
		};
		0CA4C3352CB84C5000FFA459 /* Exceptions for "FlicksHub" folder in "FlicksHubUITests" target */ = {
			isa = PBXFileSystemSynchronizedBuildFileExceptionSet;
			membershipExceptions = (
				"GoogleService-Info.plist",
			);
			target = 0CD966822CAC60B9009AE57C /* FlicksHubUITests */;
		};
/* End PBXFileSystemSynchronizedBuildFileExceptionSet section */

/* Begin PBXFileSystemSynchronizedRootGroup section */
		0CD9666B2CAC60B7009AE57C /* FlicksHub */ = {
			isa = PBXFileSystemSynchronizedRootGroup;
			exceptions = (
				0CA045932CCD18960097CC7C /* Exceptions for "FlicksHub" folder in "FlicksHub" target */,
				0CA4C3342CB84C5000FFA459 /* Exceptions for "FlicksHub" folder in "FlicksHubTests" target */,
				0CA4C3352CB84C5000FFA459 /* Exceptions for "FlicksHub" folder in "FlicksHubUITests" target */,
			);
			explicitFileTypes = {
				Info.plist = text.plist.xcspec;
			};
			path = FlicksHub;
			sourceTree = "<group>";
		};
		0CD9667C2CAC60B9009AE57C /* FlicksHubTests */ = {
			isa = PBXFileSystemSynchronizedRootGroup;
			path = FlicksHubTests;
			sourceTree = "<group>";
		};
		0CD966862CAC60B9009AE57C /* FlicksHubUITests */ = {
			isa = PBXFileSystemSynchronizedRootGroup;
			path = FlicksHubUITests;
			sourceTree = "<group>";
		};
/* End PBXFileSystemSynchronizedRootGroup section */

/* Begin PBXFrameworksBuildPhase section */
		0CD966662CAC60B7009AE57C /* Frameworks */ = {
			isa = PBXFrameworksBuildPhase;
			buildActionMask = 2147483647;
			files = (
				0CA4C3382CB84DE800FFA459 /* FirebaseAnalytics in Frameworks */,
				0C75F22B2CBD92F80014E6B7 /* FirebaseStorage in Frameworks */,
				0CA4C33C2CB84FB200FFA459 /* FirebaseCore in Frameworks */,
				0CA4C33A2CB84FB200FFA459 /* FirebaseAuth in Frameworks */,
			);
			runOnlyForDeploymentPostprocessing = 0;
		};
		0CD966762CAC60B9009AE57C /* Frameworks */ = {
			isa = PBXFrameworksBuildPhase;
			buildActionMask = 2147483647;
			files = (
			);
			runOnlyForDeploymentPostprocessing = 0;
		};
		0CD966802CAC60B9009AE57C /* Frameworks */ = {
			isa = PBXFrameworksBuildPhase;
			buildActionMask = 2147483647;
			files = (
			);
			runOnlyForDeploymentPostprocessing = 0;
		};
/* End PBXFrameworksBuildPhase section */

/* Begin PBXGroup section */
		0CD966602CAC60B7009AE57C = {
			isa = PBXGroup;
			children = (
				0CD9666B2CAC60B7009AE57C /* FlicksHub */,
				0CD9667C2CAC60B9009AE57C /* FlicksHubTests */,
				0CD966862CAC60B9009AE57C /* FlicksHubUITests */,
				0CD9666A2CAC60B7009AE57C /* Products */,
			);
			sourceTree = "<group>";
		};
		0CD9666A2CAC60B7009AE57C /* Products */ = {
			isa = PBXGroup;
			children = (
				0CD966692CAC60B7009AE57C /* FlicksHub.app */,
				0CD966792CAC60B9009AE57C /* FlicksHubTests.xctest */,
				0CD966832CAC60B9009AE57C /* FlicksHubUITests.xctest */,
			);
			name = Products;
			sourceTree = "<group>";
		};
/* End PBXGroup section */

/* Begin PBXNativeTarget section */
		0CD966682CAC60B7009AE57C /* FlicksHub */ = {
			isa = PBXNativeTarget;
			buildConfigurationList = 0CD9668D2CAC60B9009AE57C /* Build configuration list for PBXNativeTarget "FlicksHub" */;
			buildPhases = (
				0CD966652CAC60B7009AE57C /* Sources */,
				0CD966662CAC60B7009AE57C /* Frameworks */,
				0CD966672CAC60B7009AE57C /* Resources */,
			);
			buildRules = (
			);
			dependencies = (
			);
			fileSystemSynchronizedGroups = (
				0CD9666B2CAC60B7009AE57C /* FlicksHub */,
			);
			name = FlicksHub;
			packageProductDependencies = (
				0CA4C3372CB84DE800FFA459 /* FirebaseAnalytics */,
				0CA4C3392CB84FB200FFA459 /* FirebaseAuth */,
				0CA4C33B2CB84FB200FFA459 /* FirebaseCore */,
				0C75F22A2CBD92F80014E6B7 /* FirebaseStorage */,
			);
			productName = FlicksHub;
			productReference = 0CD966692CAC60B7009AE57C /* FlicksHub.app */;
			productType = "com.apple.product-type.application";
		};
		0CD966782CAC60B9009AE57C /* FlicksHubTests */ = {
			isa = PBXNativeTarget;
			buildConfigurationList = 0CD966902CAC60B9009AE57C /* Build configuration list for PBXNativeTarget "FlicksHubTests" */;
			buildPhases = (
				0CD966752CAC60B9009AE57C /* Sources */,
				0CD966762CAC60B9009AE57C /* Frameworks */,
				0CD966772CAC60B9009AE57C /* Resources */,
			);
			buildRules = (
			);
			dependencies = (
				0CD9667B2CAC60B9009AE57C /* PBXTargetDependency */,
			);
			fileSystemSynchronizedGroups = (
				0CD9667C2CAC60B9009AE57C /* FlicksHubTests */,
			);
			name = FlicksHubTests;
			packageProductDependencies = (
			);
			productName = FlicksHubTests;
			productReference = 0CD966792CAC60B9009AE57C /* FlicksHubTests.xctest */;
			productType = "com.apple.product-type.bundle.unit-test";
		};
		0CD966822CAC60B9009AE57C /* FlicksHubUITests */ = {
			isa = PBXNativeTarget;
			buildConfigurationList = 0CD966932CAC60B9009AE57C /* Build configuration list for PBXNativeTarget "FlicksHubUITests" */;
			buildPhases = (
				0CD9667F2CAC60B9009AE57C /* Sources */,
				0CD966802CAC60B9009AE57C /* Frameworks */,
				0CD966812CAC60B9009AE57C /* Resources */,
			);
			buildRules = (
			);
			dependencies = (
				0CD966852CAC60B9009AE57C /* PBXTargetDependency */,
			);
			fileSystemSynchronizedGroups = (
				0CD966862CAC60B9009AE57C /* FlicksHubUITests */,
			);
			name = FlicksHubUITests;
			packageProductDependencies = (
			);
			productName = FlicksHubUITests;
			productReference = 0CD966832CAC60B9009AE57C /* FlicksHubUITests.xctest */;
			productType = "com.apple.product-type.bundle.ui-testing";
		};
/* End PBXNativeTarget section */

/* Begin PBXProject section */
		0CD966612CAC60B7009AE57C /* Project object */ = {
			isa = PBXProject;
			attributes = {
				BuildIndependentTargetsInParallel = 1;
				LastSwiftUpdateCheck = 1600;
				LastUpgradeCheck = 1600;
				TargetAttributes = {
					0CD966682CAC60B7009AE57C = {
						CreatedOnToolsVersion = 16.0;
					};
					0CD966782CAC60B9009AE57C = {
						CreatedOnToolsVersion = 16.0;
						TestTargetID = 0CD966682CAC60B7009AE57C;
					};
					0CD966822CAC60B9009AE57C = {
						CreatedOnToolsVersion = 16.0;
						TestTargetID = 0CD966682CAC60B7009AE57C;
					};
				};
			};
			buildConfigurationList = 0CD966642CAC60B7009AE57C /* Build configuration list for PBXProject "FlicksHub" */;
			developmentRegion = en;
			hasScannedForEncodings = 0;
			knownRegions = (
				en,
				Base,
			);
			mainGroup = 0CD966602CAC60B7009AE57C;
			minimizedProjectReferenceProxies = 1;
			packageReferences = (
				0CA4C3362CB84DE800FFA459 /* XCRemoteSwiftPackageReference "firebase-ios-sdk" */,
			);
			preferredProjectObjectVersion = 77;
			productRefGroup = 0CD9666A2CAC60B7009AE57C /* Products */;
			projectDirPath = "";
			projectRoot = "";
			targets = (
				0CD966682CAC60B7009AE57C /* FlicksHub */,
				0CD966782CAC60B9009AE57C /* FlicksHubTests */,
				0CD966822CAC60B9009AE57C /* FlicksHubUITests */,
			);
		};
/* End PBXProject section */

/* Begin PBXResourcesBuildPhase section */
		0CD966672CAC60B7009AE57C /* Resources */ = {
			isa = PBXResourcesBuildPhase;
			buildActionMask = 2147483647;
			files = (
			);
			runOnlyForDeploymentPostprocessing = 0;
		};
		0CD966772CAC60B9009AE57C /* Resources */ = {
			isa = PBXResourcesBuildPhase;
			buildActionMask = 2147483647;
			files = (
			);
			runOnlyForDeploymentPostprocessing = 0;
		};
		0CD966812CAC60B9009AE57C /* Resources */ = {
			isa = PBXResourcesBuildPhase;
			buildActionMask = 2147483647;
			files = (
			);
			runOnlyForDeploymentPostprocessing = 0;
		};
/* End PBXResourcesBuildPhase section */

/* Begin PBXSourcesBuildPhase section */
		0CD966652CAC60B7009AE57C /* Sources */ = {
			isa = PBXSourcesBuildPhase;
			buildActionMask = 2147483647;
			files = (
			);
			runOnlyForDeploymentPostprocessing = 0;
		};
		0CD966752CAC60B9009AE57C /* Sources */ = {
			isa = PBXSourcesBuildPhase;
			buildActionMask = 2147483647;
			files = (
			);
			runOnlyForDeploymentPostprocessing = 0;
		};
		0CD9667F2CAC60B9009AE57C /* Sources */ = {
			isa = PBXSourcesBuildPhase;
			buildActionMask = 2147483647;
			files = (
			);
			runOnlyForDeploymentPostprocessing = 0;
		};
/* End PBXSourcesBuildPhase section */

/* Begin PBXTargetDependency section */
		0CD9667B2CAC60B9009AE57C /* PBXTargetDependency */ = {
			isa = PBXTargetDependency;
			target = 0CD966682CAC60B7009AE57C /* FlicksHub */;
			targetProxy = 0CD9667A2CAC60B9009AE57C /* PBXContainerItemProxy */;
		};
		0CD966852CAC60B9009AE57C /* PBXTargetDependency */ = {
			isa = PBXTargetDependency;
			target = 0CD966682CAC60B7009AE57C /* FlicksHub */;
			targetProxy = 0CD966842CAC60B9009AE57C /* PBXContainerItemProxy */;
		};
/* End PBXTargetDependency section */

/* Begin XCBuildConfiguration section */
		0CD9668B2CAC60B9009AE57C /* Debug */ = {
			isa = XCBuildConfiguration;
			baseConfigurationReferenceAnchor = 0CD9666B2CAC60B7009AE57C /* FlicksHub */;
			baseConfigurationReferenceRelativePath = AppConfig.xcconfig;
			buildSettings = {
				ALWAYS_SEARCH_USER_PATHS = NO;
				ASSETCATALOG_COMPILER_GENERATE_SWIFT_ASSET_SYMBOL_EXTENSIONS = YES;
				CLANG_ANALYZER_NONNULL = YES;
				CLANG_ANALYZER_NUMBER_OBJECT_CONVERSION = YES_AGGRESSIVE;
				CLANG_CXX_LANGUAGE_STANDARD = "gnu++20";
				CLANG_ENABLE_MODULES = YES;
				CLANG_ENABLE_OBJC_ARC = YES;
				CLANG_ENABLE_OBJC_WEAK = YES;
				CLANG_WARN_BLOCK_CAPTURE_AUTORELEASING = YES;
				CLANG_WARN_BOOL_CONVERSION = YES;
				CLANG_WARN_COMMA = YES;
				CLANG_WARN_CONSTANT_CONVERSION = YES;
				CLANG_WARN_DEPRECATED_OBJC_IMPLEMENTATIONS = YES;
				CLANG_WARN_DIRECT_OBJC_ISA_USAGE = YES_ERROR;
				CLANG_WARN_DOCUMENTATION_COMMENTS = YES;
				CLANG_WARN_EMPTY_BODY = YES;
				CLANG_WARN_ENUM_CONVERSION = YES;
				CLANG_WARN_INFINITE_RECURSION = YES;
				CLANG_WARN_INT_CONVERSION = YES;
				CLANG_WARN_NON_LITERAL_NULL_CONVERSION = YES;
				CLANG_WARN_OBJC_IMPLICIT_RETAIN_SELF = YES;
				CLANG_WARN_OBJC_LITERAL_CONVERSION = YES;
				CLANG_WARN_OBJC_ROOT_CLASS = YES_ERROR;
				CLANG_WARN_QUOTED_INCLUDE_IN_FRAMEWORK_HEADER = YES;
				CLANG_WARN_RANGE_LOOP_ANALYSIS = YES;
				CLANG_WARN_STRICT_PROTOTYPES = YES;
				CLANG_WARN_SUSPICIOUS_MOVE = YES;
				CLANG_WARN_UNGUARDED_AVAILABILITY = YES_AGGRESSIVE;
				CLANG_WARN_UNREACHABLE_CODE = YES;
				CLANG_WARN__DUPLICATE_METHOD_MATCH = YES;
				COPY_PHASE_STRIP = NO;
				DEBUG_INFORMATION_FORMAT = dwarf;
				ENABLE_STRICT_OBJC_MSGSEND = YES;
				ENABLE_TESTABILITY = YES;
				ENABLE_USER_SCRIPT_SANDBOXING = YES;
				GCC_C_LANGUAGE_STANDARD = gnu17;
				GCC_DYNAMIC_NO_PIC = NO;
				GCC_NO_COMMON_BLOCKS = YES;
				GCC_OPTIMIZATION_LEVEL = 0;
				GCC_PREPROCESSOR_DEFINITIONS = (
					"DEBUG=1",
					"$(inherited)",
				);
				GCC_WARN_64_TO_32_BIT_CONVERSION = YES;
				GCC_WARN_ABOUT_RETURN_TYPE = YES_ERROR;
				GCC_WARN_UNDECLARED_SELECTOR = YES;
				GCC_WARN_UNINITIALIZED_AUTOS = YES_AGGRESSIVE;
				GCC_WARN_UNUSED_FUNCTION = YES;
				GCC_WARN_UNUSED_VARIABLE = YES;
				INFOPLIST_FILE = FlicksHub/Info.plist;
				IPHONEOS_DEPLOYMENT_TARGET = 18.0;
				LOCALIZATION_PREFERS_STRING_CATALOGS = YES;
				MTL_ENABLE_DEBUG_INFO = INCLUDE_SOURCE;
				MTL_FAST_MATH = YES;
				ONLY_ACTIVE_ARCH = YES;
				SDKROOT = iphoneos;
				SWIFT_ACTIVE_COMPILATION_CONDITIONS = "DEBUG $(inherited)";
				SWIFT_OPTIMIZATION_LEVEL = "-Onone";
			};
			name = Debug;
		};
		0CD9668C2CAC60B9009AE57C /* Release */ = {
			isa = XCBuildConfiguration;
			buildSettings = {
				ALWAYS_SEARCH_USER_PATHS = NO;
				ASSETCATALOG_COMPILER_GENERATE_SWIFT_ASSET_SYMBOL_EXTENSIONS = YES;
				CLANG_ANALYZER_NONNULL = YES;
				CLANG_ANALYZER_NUMBER_OBJECT_CONVERSION = YES_AGGRESSIVE;
				CLANG_CXX_LANGUAGE_STANDARD = "gnu++20";
				CLANG_ENABLE_MODULES = YES;
				CLANG_ENABLE_OBJC_ARC = YES;
				CLANG_ENABLE_OBJC_WEAK = YES;
				CLANG_WARN_BLOCK_CAPTURE_AUTORELEASING = YES;
				CLANG_WARN_BOOL_CONVERSION = YES;
				CLANG_WARN_COMMA = YES;
				CLANG_WARN_CONSTANT_CONVERSION = YES;
				CLANG_WARN_DEPRECATED_OBJC_IMPLEMENTATIONS = YES;
				CLANG_WARN_DIRECT_OBJC_ISA_USAGE = YES_ERROR;
				CLANG_WARN_DOCUMENTATION_COMMENTS = YES;
				CLANG_WARN_EMPTY_BODY = YES;
				CLANG_WARN_ENUM_CONVERSION = YES;
				CLANG_WARN_INFINITE_RECURSION = YES;
				CLANG_WARN_INT_CONVERSION = YES;
				CLANG_WARN_NON_LITERAL_NULL_CONVERSION = YES;
				CLANG_WARN_OBJC_IMPLICIT_RETAIN_SELF = YES;
				CLANG_WARN_OBJC_LITERAL_CONVERSION = YES;
				CLANG_WARN_OBJC_ROOT_CLASS = YES_ERROR;
				CLANG_WARN_QUOTED_INCLUDE_IN_FRAMEWORK_HEADER = YES;
				CLANG_WARN_RANGE_LOOP_ANALYSIS = YES;
				CLANG_WARN_STRICT_PROTOTYPES = YES;
				CLANG_WARN_SUSPICIOUS_MOVE = YES;
				CLANG_WARN_UNGUARDED_AVAILABILITY = YES_AGGRESSIVE;
				CLANG_WARN_UNREACHABLE_CODE = YES;
				CLANG_WARN__DUPLICATE_METHOD_MATCH = YES;
				COPY_PHASE_STRIP = NO;
				DEBUG_INFORMATION_FORMAT = "dwarf-with-dsym";
				ENABLE_NS_ASSERTIONS = NO;
				ENABLE_STRICT_OBJC_MSGSEND = YES;
				ENABLE_USER_SCRIPT_SANDBOXING = YES;
				GCC_C_LANGUAGE_STANDARD = gnu17;
				GCC_NO_COMMON_BLOCKS = YES;
				GCC_WARN_64_TO_32_BIT_CONVERSION = YES;
				GCC_WARN_ABOUT_RETURN_TYPE = YES_ERROR;
				GCC_WARN_UNDECLARED_SELECTOR = YES;
				GCC_WARN_UNINITIALIZED_AUTOS = YES_AGGRESSIVE;
				GCC_WARN_UNUSED_FUNCTION = YES;
				GCC_WARN_UNUSED_VARIABLE = YES;
				INFOPLIST_FILE = FlicksHub/Info.plist;
				IPHONEOS_DEPLOYMENT_TARGET = 18.0;
				LOCALIZATION_PREFERS_STRING_CATALOGS = YES;
				MTL_ENABLE_DEBUG_INFO = NO;
				MTL_FAST_MATH = YES;
				SDKROOT = iphoneos;
				SWIFT_COMPILATION_MODE = wholemodule;
				VALIDATE_PRODUCT = YES;
			};
			name = Release;
		};
		0CD9668E2CAC60B9009AE57C /* Debug */ = {
			isa = XCBuildConfiguration;
			buildSettings = {
				ASSETCATALOG_COMPILER_APPICON_NAME = AppIcon;
				ASSETCATALOG_COMPILER_GLOBAL_ACCENT_COLOR_NAME = AccentColor;
				CODE_SIGN_STYLE = Automatic;
				CURRENT_PROJECT_VERSION = 1.0;
				DEVELOPMENT_ASSET_PATHS = "\"FlicksHub/Preview Content\"";
				DEVELOPMENT_TEAM = 88PT765YFB;
				ENABLE_PREVIEWS = YES;
				GENERATE_INFOPLIST_FILE = YES;
				INFOPLIST_FILE = FlicksHub/Info.plist;
				INFOPLIST_KEY_CFBundleDisplayName = FlicksHub;
				INFOPLIST_KEY_LSApplicationCategoryType = "public.app-category.entertainment";
				INFOPLIST_KEY_UIApplicationSceneManifest_Generation = YES;
				INFOPLIST_KEY_UIApplicationSupportsIndirectInputEvents = YES;
				INFOPLIST_KEY_UILaunchScreen_Generation = YES;
				INFOPLIST_KEY_UISupportedInterfaceOrientations_iPad = "UIInterfaceOrientationPortrait UIInterfaceOrientationPortraitUpsideDown UIInterfaceOrientationLandscapeLeft UIInterfaceOrientationLandscapeRight";
				INFOPLIST_KEY_UISupportedInterfaceOrientations_iPhone = "UIInterfaceOrientationPortrait UIInterfaceOrientationLandscapeLeft UIInterfaceOrientationLandscapeRight";
				LD_RUNPATH_SEARCH_PATHS = (
					"$(inherited)",
					"@executable_path/Frameworks",
				);
				MARKETING_VERSION = 1.0;
				PRODUCT_BUNDLE_IDENTIFIER = ipleiria.FlicksHub;
				PRODUCT_NAME = "$(TARGET_NAME)";
				SWIFT_EMIT_LOC_STRINGS = YES;
				SWIFT_VERSION = 5.0;
				TARGETED_DEVICE_FAMILY = "1,2";
			};
			name = Debug;
		};
		0CD9668F2CAC60B9009AE57C /* Release */ = {
			isa = XCBuildConfiguration;
			baseConfigurationReferenceAnchor = 0CD9666B2CAC60B7009AE57C /* FlicksHub */;
			baseConfigurationReferenceRelativePath = AppConfig.xcconfig;
			buildSettings = {
				ASSETCATALOG_COMPILER_APPICON_NAME = AppIcon;
				ASSETCATALOG_COMPILER_GLOBAL_ACCENT_COLOR_NAME = AccentColor;
				CODE_SIGN_STYLE = Automatic;
				CURRENT_PROJECT_VERSION = 1.0;
				DEVELOPMENT_ASSET_PATHS = "\"FlicksHub/Preview Content\"";
				DEVELOPMENT_TEAM = 88PT765YFB;
				ENABLE_PREVIEWS = YES;
				GENERATE_INFOPLIST_FILE = YES;
				INFOPLIST_KEY_CFBundleDisplayName = FlicksHub;
				INFOPLIST_KEY_LSApplicationCategoryType = "public.app-category.entertainment";
				INFOPLIST_KEY_UIApplicationSceneManifest_Generation = YES;
				INFOPLIST_KEY_UIApplicationSupportsIndirectInputEvents = YES;
				INFOPLIST_KEY_UILaunchScreen_Generation = YES;
				INFOPLIST_KEY_UISupportedInterfaceOrientations_iPad = "UIInterfaceOrientationPortrait UIInterfaceOrientationPortraitUpsideDown UIInterfaceOrientationLandscapeLeft UIInterfaceOrientationLandscapeRight";
				INFOPLIST_KEY_UISupportedInterfaceOrientations_iPhone = "UIInterfaceOrientationPortrait UIInterfaceOrientationLandscapeLeft UIInterfaceOrientationLandscapeRight";
				LD_RUNPATH_SEARCH_PATHS = (
					"$(inherited)",
					"@executable_path/Frameworks",
				);
				MARKETING_VERSION = 1.0;
				PRODUCT_BUNDLE_IDENTIFIER = ipleiria.FlicksHub;
				PRODUCT_NAME = "$(TARGET_NAME)";
				SWIFT_EMIT_LOC_STRINGS = YES;
				SWIFT_VERSION = 5.0;
				TARGETED_DEVICE_FAMILY = "1,2";
			};
			name = Release;
		};
		0CD966912CAC60B9009AE57C /* Debug */ = {
			isa = XCBuildConfiguration;
			buildSettings = {
				BUNDLE_LOADER = "$(TEST_HOST)";
				CODE_SIGN_STYLE = Automatic;
				CURRENT_PROJECT_VERSION = 1;
				GENERATE_INFOPLIST_FILE = YES;
				IPHONEOS_DEPLOYMENT_TARGET = 18.0;
				MARKETING_VERSION = 1.0;
				PRODUCT_BUNDLE_IDENTIFIER = ipleiria.FlicksHubTests;
				PRODUCT_NAME = "$(TARGET_NAME)";
				SWIFT_EMIT_LOC_STRINGS = NO;
				SWIFT_VERSION = 5.0;
				TARGETED_DEVICE_FAMILY = "1,2";
				TEST_HOST = "$(BUILT_PRODUCTS_DIR)/FlicksHub.app/$(BUNDLE_EXECUTABLE_FOLDER_PATH)/FlicksHub";
			};
			name = Debug;
		};
		0CD966922CAC60B9009AE57C /* Release */ = {
			isa = XCBuildConfiguration;
			buildSettings = {
				BUNDLE_LOADER = "$(TEST_HOST)";
				CODE_SIGN_STYLE = Automatic;
				CURRENT_PROJECT_VERSION = 1;
				GENERATE_INFOPLIST_FILE = YES;
				IPHONEOS_DEPLOYMENT_TARGET = 18.0;
				MARKETING_VERSION = 1.0;
				PRODUCT_BUNDLE_IDENTIFIER = ipleiria.FlicksHubTests;
				PRODUCT_NAME = "$(TARGET_NAME)";
				SWIFT_EMIT_LOC_STRINGS = NO;
				SWIFT_VERSION = 5.0;
				TARGETED_DEVICE_FAMILY = "1,2";
				TEST_HOST = "$(BUILT_PRODUCTS_DIR)/FlicksHub.app/$(BUNDLE_EXECUTABLE_FOLDER_PATH)/FlicksHub";
			};
			name = Release;
		};
		0CD966942CAC60B9009AE57C /* Debug */ = {
			isa = XCBuildConfiguration;
			buildSettings = {
				CODE_SIGN_STYLE = Automatic;
				CURRENT_PROJECT_VERSION = 1;
				GENERATE_INFOPLIST_FILE = YES;
				MARKETING_VERSION = 1.0;
				PRODUCT_BUNDLE_IDENTIFIER = ipleiria.FlicksHubUITests;
				PRODUCT_NAME = "$(TARGET_NAME)";
				SWIFT_EMIT_LOC_STRINGS = NO;
				SWIFT_VERSION = 5.0;
				TARGETED_DEVICE_FAMILY = "1,2";
				TEST_TARGET_NAME = FlicksHub;
			};
			name = Debug;
		};
		0CD966952CAC60B9009AE57C /* Release */ = {
			isa = XCBuildConfiguration;
			buildSettings = {
				CODE_SIGN_STYLE = Automatic;
				CURRENT_PROJECT_VERSION = 1;
				GENERATE_INFOPLIST_FILE = YES;
				MARKETING_VERSION = 1.0;
				PRODUCT_BUNDLE_IDENTIFIER = ipleiria.FlicksHubUITests;
				PRODUCT_NAME = "$(TARGET_NAME)";
				SWIFT_EMIT_LOC_STRINGS = NO;
				SWIFT_VERSION = 5.0;
				TARGETED_DEVICE_FAMILY = "1,2";
				TEST_TARGET_NAME = FlicksHub;
			};
			name = Release;
		};
/* End XCBuildConfiguration section */

/* Begin XCConfigurationList section */
		0CD966642CAC60B7009AE57C /* Build configuration list for PBXProject "FlicksHub" */ = {
			isa = XCConfigurationList;
			buildConfigurations = (
				0CD9668B2CAC60B9009AE57C /* Debug */,
				0CD9668C2CAC60B9009AE57C /* Release */,
			);
			defaultConfigurationIsVisible = 0;
			defaultConfigurationName = Release;
		};
		0CD9668D2CAC60B9009AE57C /* Build configuration list for PBXNativeTarget "FlicksHub" */ = {
			isa = XCConfigurationList;
			buildConfigurations = (
				0CD9668E2CAC60B9009AE57C /* Debug */,
				0CD9668F2CAC60B9009AE57C /* Release */,
			);
			defaultConfigurationIsVisible = 0;
			defaultConfigurationName = Release;
		};
		0CD966902CAC60B9009AE57C /* Build configuration list for PBXNativeTarget "FlicksHubTests" */ = {
			isa = XCConfigurationList;
			buildConfigurations = (
				0CD966912CAC60B9009AE57C /* Debug */,
				0CD966922CAC60B9009AE57C /* Release */,
			);
			defaultConfigurationIsVisible = 0;
			defaultConfigurationName = Release;
		};
		0CD966932CAC60B9009AE57C /* Build configuration list for PBXNativeTarget "FlicksHubUITests" */ = {
			isa = XCConfigurationList;
			buildConfigurations = (
				0CD966942CAC60B9009AE57C /* Debug */,
				0CD966952CAC60B9009AE57C /* Release */,
			);
			defaultConfigurationIsVisible = 0;
			defaultConfigurationName = Release;
		};
/* End XCConfigurationList section */

/* Begin XCRemoteSwiftPackageReference section */
		0CA4C3362CB84DE800FFA459 /* XCRemoteSwiftPackageReference "firebase-ios-sdk" */ = {
			isa = XCRemoteSwiftPackageReference;
			repositoryURL = "https://github.com/firebase/firebase-ios-sdk";
			requirement = {
				kind = upToNextMajorVersion;
				minimumVersion = 11.3.0;
			};
		};
/* End XCRemoteSwiftPackageReference section */

/* Begin XCSwiftPackageProductDependency section */
		0C75F22A2CBD92F80014E6B7 /* FirebaseStorage */ = {
			isa = XCSwiftPackageProductDependency;
			package = 0CA4C3362CB84DE800FFA459 /* XCRemoteSwiftPackageReference "firebase-ios-sdk" */;
			productName = FirebaseStorage;
		};
		0CA4C3372CB84DE800FFA459 /* FirebaseAnalytics */ = {
			isa = XCSwiftPackageProductDependency;
			package = 0CA4C3362CB84DE800FFA459 /* XCRemoteSwiftPackageReference "firebase-ios-sdk" */;
			productName = FirebaseAnalytics;
		};
		0CA4C3392CB84FB200FFA459 /* FirebaseAuth */ = {
			isa = XCSwiftPackageProductDependency;
			package = 0CA4C3362CB84DE800FFA459 /* XCRemoteSwiftPackageReference "firebase-ios-sdk" */;
			productName = FirebaseAuth;
		};
		0CA4C33B2CB84FB200FFA459 /* FirebaseCore */ = {
			isa = XCSwiftPackageProductDependency;
			package = 0CA4C3362CB84DE800FFA459 /* XCRemoteSwiftPackageReference "firebase-ios-sdk" */;
			productName = FirebaseCore;
		};
/* End XCSwiftPackageProductDependency section */
	};
	rootObject = 0CD966612CAC60B7009AE57C /* Project object */;
}
